PODS:
  - PromiseKit/CorePromise (4.1.0)
  - PromiseSignals (0.1.0):
    - PromiseKit/CorePromise

DEPENDENCIES:
  - PromiseSignals (from `../`)

EXTERNAL SOURCES:
  PromiseSignals:
    :path: ../

SPEC CHECKSUMS:
  PromiseKit: c98453ff78544c0ad5bb0ea980782e6875f47978
  PromiseSignals: def0d583dfc92aa8fdb7cf8c5c891d76df0d32b6

PODFILE CHECKSUM: 1cb13a0956a3ecce7f753dc4296c2bec4048cbdd

COCOAPODS: 1.1.1
