// !$*UTF8*$!
{
	archiveVersion = 1;
	classes = {
	};
	objectVersion = 46;
	objects = {

/* Begin PBXBuildFile section */
		050F28901E1BC68700EE7D4E /* PromiseSignals.framework in Frameworks */ = {isa = PBXBuildFile; fileRef = 051E6E871E044A83009B7637 /* PromiseSignals.framework */; };
		050F28921E1BC68C00EE7D4E /* PromiseSignals.framework in Embed Frameworks */ = {isa = PBXBuildFile; fileRef = 051E6E871E044A83009B7637 /* PromiseSignals.framework */; settings = {ATTRIBUTES = (CodeSignOnCopy, RemoveHeadersOnCopy, ); }; };
		050F289B1E1BCBCF00EE7D4E /* PromiseKit.framework in Embed Frameworks */ = {isa = PBXBuildFile; fileRef = 051E6EAE1E044C2C009B7637 /* PromiseKit.framework */; settings = {ATTRIBUTES = (CodeSignOnCopy, RemoveHeadersOnCopy, ); }; };
		050F289C1E1BCC1300EE7D4E /* PromiseKit.framework in Frameworks */ = {isa = PBXBuildFile; fileRef = 051E6EAE1E044C2C009B7637 /* PromiseKit.framework */; };
		050F289E1E1BCC4A00EE7D4E /* LaunchScreen.storyboard in Resources */ = {isa = PBXBuildFile; fileRef = 050F289D1E1BCC4A00EE7D4E /* LaunchScreen.storyboard */; };
		051E6E911E044A83009B7637 /* PromiseSignals.framework in Frameworks */ = {isa = PBXBuildFile; fileRef = 051E6E871E044A83009B7637 /* PromiseSignals.framework */; };
		051E6E961E044A83009B7637 /* PromiseSignalsTests.swift in Sources */ = {isa = PBXBuildFile; fileRef = 051E6E951E044A83009B7637 /* PromiseSignalsTests.swift */; };
		051E6E981E044A83009B7637 /* PromiseSignals.h in Headers */ = {isa = PBXBuildFile; fileRef = 051E6E8A1E044A83009B7637 /* PromiseSignals.h */; settings = {ATTRIBUTES = (Public, ); }; };
		051E6EA71E044BB6009B7637 /* Signal.swift in Sources */ = {isa = PBXBuildFile; fileRef = 051E6EA11E044BB6009B7637 /* Signal.swift */; };
		051E6EA81E044BB6009B7637 /* SignalChain.swift in Sources */ = {isa = PBXBuildFile; fileRef = 051E6EA21E044BB6009B7637 /* SignalChain.swift */; };
		051E6EA91E044BB6009B7637 /* SignalControl.swift in Sources */ = {isa = PBXBuildFile; fileRef = 051E6EA31E044BB6009B7637 /* SignalControl.swift */; };
		051E6EAA1E044BB6009B7637 /* SignalHandler.swift in Sources */ = {isa = PBXBuildFile; fileRef = 051E6EA41E044BB6009B7637 /* SignalHandler.swift */; };
		051E6EAB1E044BB6009B7637 /* SignalObserver.swift in Sources */ = {isa = PBXBuildFile; fileRef = 051E6EA51E044BB6009B7637 /* SignalObserver.swift */; };
		051E6EAC1E044BB6009B7637 /* Utilities.swift in Sources */ = {isa = PBXBuildFile; fileRef = 051E6EA61E044BB6009B7637 /* Utilities.swift */; };
		051E6EAF1E044C2C009B7637 /* PromiseKit.framework in Frameworks */ = {isa = PBXBuildFile; fileRef = 051E6EAE1E044C2C009B7637 /* PromiseKit.framework */; };
		051E6EB11E044CD5009B7637 /* Utils.swift in Sources */ = {isa = PBXBuildFile; fileRef = 051E6EB01E044CD5009B7637 /* Utils.swift */; };
		051E6EB31E044DF6009B7637 /* Nimble.framework in Frameworks */ = {isa = PBXBuildFile; fileRef = 051E6EB21E044DF6009B7637 /* Nimble.framework */; };
		05CE3F2C1E04596A00E51EFA /* AppDelegate.swift in Sources */ = {isa = PBXBuildFile; fileRef = 05CE3F2B1E04596A00E51EFA /* AppDelegate.swift */; };
		05CE3F2E1E04596A00E51EFA /* ViewController.swift in Sources */ = {isa = PBXBuildFile; fileRef = 05CE3F2D1E04596A00E51EFA /* ViewController.swift */; };
		05CE3F311E04596A00E51EFA /* Main.storyboard in Resources */ = {isa = PBXBuildFile; fileRef = 05CE3F2F1E04596A00E51EFA /* Main.storyboard */; };
		05CE3F331E04596A00E51EFA /* Assets.xcassets in Resources */ = {isa = PBXBuildFile; fileRef = 05CE3F321E04596A00E51EFA /* Assets.xcassets */; };
/* End PBXBuildFile section */

/* Begin PBXContainerItemProxy section */
		050F28931E1BC68C00EE7D4E /* PBXContainerItemProxy */ = {
			isa = PBXContainerItemProxy;
			containerPortal = 051E6E7E1E044A83009B7637 /* Project object */;
			proxyType = 1;
			remoteGlobalIDString = 051E6E861E044A83009B7637;
			remoteInfo = PromiseSignals;
		};
		051E6E921E044A83009B7637 /* PBXContainerItemProxy */ = {
			isa = PBXContainerItemProxy;
			containerPortal = 051E6E7E1E044A83009B7637 /* Project object */;
			proxyType = 1;
			remoteGlobalIDString = 051E6E861E044A83009B7637;
			remoteInfo = PromiseSignals;
		};
/* End PBXContainerItemProxy section */

/* Begin PBXCopyFilesBuildPhase section */
		050F28951E1BC68C00EE7D4E /* Embed Frameworks */ = {
			isa = PBXCopyFilesBuildPhase;
			buildActionMask = 2147483647;
			dstPath = "";
			dstSubfolderSpec = 10;
			files = (
				050F28921E1BC68C00EE7D4E /* PromiseSignals.framework in Embed Frameworks */,
				050F289B1E1BCBCF00EE7D4E /* PromiseKit.framework in Embed Frameworks */,
			);
			name = "Embed Frameworks";
			runOnlyForDeploymentPostprocessing = 0;
		};
/* End PBXCopyFilesBuildPhase section */

/* Begin PBXFileReference section */
		050F288F1E1BC5B400EE7D4E /* README.md */ = {isa = PBXFileReference; lastKnownFileType = net.daringfireball.markdown; path = README.md; sourceTree = "<group>"; };
		050F289D1E1BCC4A00EE7D4E /* LaunchScreen.storyboard */ = {isa = PBXFileReference; fileEncoding = 4; lastKnownFileType = file.storyboard; path = LaunchScreen.storyboard; sourceTree = "<group>"; };
		050F289F1E1BCDF200EE7D4E /* LICENSE */ = {isa = PBXFileReference; lastKnownFileType = text; path = LICENSE; sourceTree = "<group>"; };
		050F28A01E1BCDFC00EE7D4E /* PromiseSignals.podspec */ = {isa = PBXFileReference; lastKnownFileType = text; path = PromiseSignals.podspec; sourceTree = "<group>"; };
		050F28A21E1BD34200EE7D4E /* .swiftlint.yml */ = {isa = PBXFileReference; lastKnownFileType = text; path = .swiftlint.yml; sourceTree = "<group>"; };
		051E6E871E044A83009B7637 /* PromiseSignals.framework */ = {isa = PBXFileReference; explicitFileType = wrapper.framework; includeInIndex = 0; path = PromiseSignals.framework; sourceTree = BUILT_PRODUCTS_DIR; };
		051E6E8A1E044A83009B7637 /* PromiseSignals.h */ = {isa = PBXFileReference; lastKnownFileType = sourcecode.c.h; path = PromiseSignals.h; sourceTree = "<group>"; };
		051E6E8B1E044A83009B7637 /* Info.plist */ = {isa = PBXFileReference; lastKnownFileType = text.plist.xml; path = Info.plist; sourceTree = "<group>"; };
		051E6E901E044A83009B7637 /* PromiseSignalsTests.xctest */ = {isa = PBXFileReference; explicitFileType = wrapper.cfbundle; includeInIndex = 0; path = PromiseSignalsTests.xctest; sourceTree = BUILT_PRODUCTS_DIR; };
		051E6E951E044A83009B7637 /* PromiseSignalsTests.swift */ = {isa = PBXFileReference; lastKnownFileType = sourcecode.swift; path = PromiseSignalsTests.swift; sourceTree = "<group>"; };
		051E6E971E044A83009B7637 /* Info.plist */ = {isa = PBXFileReference; lastKnownFileType = text.plist.xml; path = Info.plist; sourceTree = "<group>"; };
		051E6EA11E044BB6009B7637 /* Signal.swift */ = {isa = PBXFileReference; fileEncoding = 4; lastKnownFileType = sourcecode.swift; path = Signal.swift; sourceTree = "<group>"; };
		051E6EA21E044BB6009B7637 /* SignalChain.swift */ = {isa = PBXFileReference; fileEncoding = 4; lastKnownFileType = sourcecode.swift; path = SignalChain.swift; sourceTree = "<group>"; };
		051E6EA31E044BB6009B7637 /* SignalControl.swift */ = {isa = PBXFileReference; fileEncoding = 4; lastKnownFileType = sourcecode.swift; path = SignalControl.swift; sourceTree = "<group>"; };
		051E6EA41E044BB6009B7637 /* SignalHandler.swift */ = {isa = PBXFileReference; fileEncoding = 4; lastKnownFileType = sourcecode.swift; path = SignalHandler.swift; sourceTree = "<group>"; };
		051E6EA51E044BB6009B7637 /* SignalObserver.swift */ = {isa = PBXFileReference; fileEncoding = 4; lastKnownFileType = sourcecode.swift; path = SignalObserver.swift; sourceTree = "<group>"; };
		051E6EA61E044BB6009B7637 /* Utilities.swift */ = {isa = PBXFileReference; fileEncoding = 4; lastKnownFileType = sourcecode.swift; path = Utilities.swift; sourceTree = "<group>"; };
		051E6EAE1E044C2C009B7637 /* PromiseKit.framework */ = {isa = PBXFileReference; lastKnownFileType = wrapper.framework; name = PromiseKit.framework; path = Carthage/Build/iOS/PromiseKit.framework; sourceTree = "<group>"; };
		051E6EB01E044CD5009B7637 /* Utils.swift */ = {isa = PBXFileReference; fileEncoding = 4; lastKnownFileType = sourcecode.swift; path = Utils.swift; sourceTree = "<group>"; };
		051E6EB21E044DF6009B7637 /* Nimble.framework */ = {isa = PBXFileReference; lastKnownFileType = wrapper.framework; name = Nimble.framework; path = Carthage/Build/iOS/Nimble.framework; sourceTree = "<group>"; };
		05CE3F291E04596A00E51EFA /* PromiseSignalsExample.app */ = {isa = PBXFileReference; explicitFileType = wrapper.application; includeInIndex = 0; path = PromiseSignalsExample.app; sourceTree = BUILT_PRODUCTS_DIR; };
		05CE3F2B1E04596A00E51EFA /* AppDelegate.swift */ = {isa = PBXFileReference; lastKnownFileType = sourcecode.swift; path = AppDelegate.swift; sourceTree = "<group>"; };
		05CE3F2D1E04596A00E51EFA /* ViewController.swift */ = {isa = PBXFileReference; lastKnownFileType = sourcecode.swift; path = ViewController.swift; sourceTree = "<group>"; };
		05CE3F301E04596A00E51EFA /* Base */ = {isa = PBXFileReference; lastKnownFileType = file.storyboard; name = Base; path = Base.lproj/Main.storyboard; sourceTree = "<group>"; };
		05CE3F321E04596A00E51EFA /* Assets.xcassets */ = {isa = PBXFileReference; lastKnownFileType = folder.assetcatalog; path = Assets.xcassets; sourceTree = "<group>"; };
		05CE3F371E04596A00E51EFA /* Info.plist */ = {isa = PBXFileReference; lastKnownFileType = text.plist.xml; path = Info.plist; sourceTree = "<group>"; };
/* End PBXFileReference section */

/* Begin PBXFrameworksBuildPhase section */
		051E6E831E044A83009B7637 /* Frameworks */ = {
			isa = PBXFrameworksBuildPhase;
			buildActionMask = 2147483647;
			files = (
				051E6EAF1E044C2C009B7637 /* PromiseKit.framework in Frameworks */,
			);
			runOnlyForDeploymentPostprocessing = 0;
		};
		051E6E8D1E044A83009B7637 /* Frameworks */ = {
			isa = PBXFrameworksBuildPhase;
			buildActionMask = 2147483647;
			files = (
				051E6E911E044A83009B7637 /* PromiseSignals.framework in Frameworks */,
				051E6EB31E044DF6009B7637 /* Nimble.framework in Frameworks */,
			);
			runOnlyForDeploymentPostprocessing = 0;
		};
		05CE3F261E04596A00E51EFA /* Frameworks */ = {
			isa = PBXFrameworksBuildPhase;
			buildActionMask = 2147483647;
			files = (
				050F28901E1BC68700EE7D4E /* PromiseSignals.framework in Frameworks */,
				050F289C1E1BCC1300EE7D4E /* PromiseKit.framework in Frameworks */,
			);
			runOnlyForDeploymentPostprocessing = 0;
		};
/* End PBXFrameworksBuildPhase section */

/* Begin PBXGroup section */
		051E6E7D1E044A83009B7637 = {
			isa = PBXGroup;
			children = (
				050F288F1E1BC5B400EE7D4E /* README.md */,
				050F289F1E1BCDF200EE7D4E /* LICENSE */,
				050F28A01E1BCDFC00EE7D4E /* PromiseSignals.podspec */,
				050F28A21E1BD34200EE7D4E /* .swiftlint.yml */,
				051E6E891E044A83009B7637 /* PromiseSignals */,
				051E6E941E044A83009B7637 /* PromiseSignalsTests */,
				05CE3F2A1E04596A00E51EFA /* PromiseSignalsExample */,
				051E6E881E044A83009B7637 /* Products */,
				051E6EAD1E044C2C009B7637 /* Frameworks */,
			);
			sourceTree = "<group>";
		};
		051E6E881E044A83009B7637 /* Products */ = {
			isa = PBXGroup;
			children = (
				051E6E871E044A83009B7637 /* PromiseSignals.framework */,
				051E6E901E044A83009B7637 /* PromiseSignalsTests.xctest */,
				05CE3F291E04596A00E51EFA /* PromiseSignalsExample.app */,
			);
			name = Products;
			sourceTree = "<group>";
		};
		051E6E891E044A83009B7637 /* PromiseSignals */ = {
			isa = PBXGroup;
			children = (
				051E6E8B1E044A83009B7637 /* Info.plist */,
				051E6E8A1E044A83009B7637 /* PromiseSignals.h */,
				051E6EA11E044BB6009B7637 /* Signal.swift */,
				051E6EA21E044BB6009B7637 /* SignalChain.swift */,
				051E6EA31E044BB6009B7637 /* SignalControl.swift */,
				051E6EA41E044BB6009B7637 /* SignalHandler.swift */,
				051E6EA51E044BB6009B7637 /* SignalObserver.swift */,
				051E6EA61E044BB6009B7637 /* Utilities.swift */,
			);
			path = PromiseSignals;
			sourceTree = "<group>";
		};
		051E6E941E044A83009B7637 /* PromiseSignalsTests */ = {
			isa = PBXGroup;
			children = (
				051E6E971E044A83009B7637 /* Info.plist */,
				051E6E951E044A83009B7637 /* PromiseSignalsTests.swift */,
				051E6EB01E044CD5009B7637 /* Utils.swift */,
			);
			path = PromiseSignalsTests;
			sourceTree = "<group>";
		};
		051E6EAD1E044C2C009B7637 /* Frameworks */ = {
			isa = PBXGroup;
			children = (
				051E6EB21E044DF6009B7637 /* Nimble.framework */,
				051E6EAE1E044C2C009B7637 /* PromiseKit.framework */,
			);
			name = Frameworks;
			sourceTree = "<group>";
		};
		05CE3F2A1E04596A00E51EFA /* PromiseSignalsExample */ = {
			isa = PBXGroup;
			children = (
				05CE3F371E04596A00E51EFA /* Info.plist */,
				05CE3F321E04596A00E51EFA /* Assets.xcassets */,
				050F289D1E1BCC4A00EE7D4E /* LaunchScreen.storyboard */,
				05CE3F2F1E04596A00E51EFA /* Main.storyboard */,
				05CE3F2B1E04596A00E51EFA /* AppDelegate.swift */,
				05CE3F2D1E04596A00E51EFA /* ViewController.swift */,
			);
			path = PromiseSignalsExample;
			sourceTree = "<group>";
		};
/* End PBXGroup section */

/* Begin PBXHeadersBuildPhase section */
		051E6E841E044A83009B7637 /* Headers */ = {
			isa = PBXHeadersBuildPhase;
			buildActionMask = 2147483647;
			files = (
				051E6E981E044A83009B7637 /* PromiseSignals.h in Headers */,
			);
			runOnlyForDeploymentPostprocessing = 0;
		};
/* End PBXHeadersBuildPhase section */

/* Begin PBXNativeTarget section */
		051E6E861E044A83009B7637 /* PromiseSignals */ = {
			isa = PBXNativeTarget;
			buildConfigurationList = 051E6E9B1E044A83009B7637 /* Build configuration list for PBXNativeTarget "PromiseSignals" */;
			buildPhases = (
				051E6E821E044A83009B7637 /* Sources */,
				050F28A11E1BD2ED00EE7D4E /* Lint Swift Files */,
				051E6E831E044A83009B7637 /* Frameworks */,
				051E6E841E044A83009B7637 /* Headers */,
				051E6E851E044A83009B7637 /* Resources */,
			);
			buildRules = (
			);
			dependencies = (
			);
			name = PromiseSignals;
			productName = PromiseSignals;
			productReference = 051E6E871E044A83009B7637 /* PromiseSignals.framework */;
			productType = "com.apple.product-type.framework";
		};
		051E6E8F1E044A83009B7637 /* PromiseSignalsTests */ = {
			isa = PBXNativeTarget;
			buildConfigurationList = 051E6E9E1E044A83009B7637 /* Build configuration list for PBXNativeTarget "PromiseSignalsTests" */;
			buildPhases = (
				051E6E8C1E044A83009B7637 /* Sources */,
				051E6E8D1E044A83009B7637 /* Frameworks */,
				051E6E8E1E044A83009B7637 /* Resources */,
				05CE3F241E044EF100E51EFA /* [Carthage] Copy Frameworks */,
			);
			buildRules = (
			);
			dependencies = (
				051E6E931E044A83009B7637 /* PBXTargetDependency */,
			);
			name = PromiseSignalsTests;
			productName = PromiseSignalsTests;
			productReference = 051E6E901E044A83009B7637 /* PromiseSignalsTests.xctest */;
			productType = "com.apple.product-type.bundle.unit-test";
		};
		05CE3F281E04596A00E51EFA /* PromiseSignalsExample */ = {
			isa = PBXNativeTarget;
			buildConfigurationList = 05CE3F381E04596A00E51EFA /* Build configuration list for PBXNativeTarget "PromiseSignalsExample" */;
			buildPhases = (
				05CE3F251E04596A00E51EFA /* Sources */,
				05CE3F261E04596A00E51EFA /* Frameworks */,
				05CE3F271E04596A00E51EFA /* Resources */,
				050F28951E1BC68C00EE7D4E /* Embed Frameworks */,
				050F28961E1BC7E800EE7D4E /* [Carthage] Copy Frameworks */,
			);
			buildRules = (
			);
			dependencies = (
				050F28941E1BC68C00EE7D4E /* PBXTargetDependency */,
			);
			name = PromiseSignalsExample;
			productName = PromiseSignalsExample;
			productReference = 05CE3F291E04596A00E51EFA /* PromiseSignalsExample.app */;
			productType = "com.apple.product-type.application";
		};
/* End PBXNativeTarget section */

/* Begin PBXProject section */
		051E6E7E1E044A83009B7637 /* Project object */ = {
			isa = PBXProject;
			attributes = {
				LastSwiftUpdateCheck = 0820;
				LastUpgradeCheck = 1000;
				ORGANIZATIONNAME = "konoma GmbH";
				TargetAttributes = {
					051E6E861E044A83009B7637 = {
						CreatedOnToolsVersion = 8.2;
						LastSwiftMigration = 1000;
						ProvisioningStyle = Automatic;
					};
					051E6E8F1E044A83009B7637 = {
						CreatedOnToolsVersion = 8.2;
						LastSwiftMigration = 1000;
						ProvisioningStyle = Automatic;
					};
					05CE3F281E04596A00E51EFA = {
						CreatedOnToolsVersion = 8.2;
						LastSwiftMigration = 1000;
						ProvisioningStyle = Automatic;
					};
				};
			};
			buildConfigurationList = 051E6E811E044A83009B7637 /* Build configuration list for PBXProject "PromiseSignals" */;
			compatibilityVersion = "Xcode 3.2";
			developmentRegion = English;
			hasScannedForEncodings = 0;
			knownRegions = (
				en,
				Base,
			);
			mainGroup = 051E6E7D1E044A83009B7637;
			productRefGroup = 051E6E881E044A83009B7637 /* Products */;
			projectDirPath = "";
			projectRoot = "";
			targets = (
				051E6E861E044A83009B7637 /* PromiseSignals */,
				051E6E8F1E044A83009B7637 /* PromiseSignalsTests */,
				05CE3F281E04596A00E51EFA /* PromiseSignalsExample */,
			);
		};
/* End PBXProject section */

/* Begin PBXResourcesBuildPhase section */
		051E6E851E044A83009B7637 /* Resources */ = {
			isa = PBXResourcesBuildPhase;
			buildActionMask = 2147483647;
			files = (
			);
			runOnlyForDeploymentPostprocessing = 0;
		};
		051E6E8E1E044A83009B7637 /* Resources */ = {
			isa = PBXResourcesBuildPhase;
			buildActionMask = 2147483647;
			files = (
			);
			runOnlyForDeploymentPostprocessing = 0;
		};
		05CE3F271E04596A00E51EFA /* Resources */ = {
			isa = PBXResourcesBuildPhase;
			buildActionMask = 2147483647;
			files = (
				050F289E1E1BCC4A00EE7D4E /* LaunchScreen.storyboard in Resources */,
				05CE3F331E04596A00E51EFA /* Assets.xcassets in Resources */,
				05CE3F311E04596A00E51EFA /* Main.storyboard in Resources */,
			);
			runOnlyForDeploymentPostprocessing = 0;
		};
/* End PBXResourcesBuildPhase section */

/* Begin PBXShellScriptBuildPhase section */
		050F28961E1BC7E800EE7D4E /* [Carthage] Copy Frameworks */ = {
			isa = PBXShellScriptBuildPhase;
			buildActionMask = 2147483647;
			files = (
			);
			inputPaths = (
				"$(SRCROOT)/Carthage/Build/iOS/PromiseKit.framework",
			);
			name = "[Carthage] Copy Frameworks";
			outputPaths = (
			);
			runOnlyForDeploymentPostprocessing = 0;
			shellPath = /bin/sh;
			shellScript = "/usr/local/bin/carthage copy-frameworks";
			showEnvVarsInLog = 0;
		};
		050F28A11E1BD2ED00EE7D4E /* Lint Swift Files */ = {
			isa = PBXShellScriptBuildPhase;
			buildActionMask = 2147483647;
			files = (
			);
			inputPaths = (
			);
			name = "Lint Swift Files";
			outputPaths = (
			);
			runOnlyForDeploymentPostprocessing = 0;
			shellPath = /bin/sh;
			shellScript = "if which swiftlint >/dev/null; then\n  swiftlint\nelse\n  echo \"warning: SwiftLint not installed, download from https://github.com/realm/SwiftLint\"\nfi";
			showEnvVarsInLog = 0;
		};
		05CE3F241E044EF100E51EFA /* [Carthage] Copy Frameworks */ = {
			isa = PBXShellScriptBuildPhase;
			buildActionMask = 2147483647;
			files = (
			);
			inputPaths = (
				"$(SRCROOT)/Carthage/Build/iOS/Nimble.framework",
				"$(SRCROOT)/Carthage/Build/iOS/PromiseKit.framework",
			);
			name = "[Carthage] Copy Frameworks";
			outputPaths = (
			);
			runOnlyForDeploymentPostprocessing = 0;
			shellPath = /bin/sh;
			shellScript = "/usr/local/bin/carthage copy-frameworks";
			showEnvVarsInLog = 0;
		};
/* End PBXShellScriptBuildPhase section */

/* Begin PBXSourcesBuildPhase section */
		051E6E821E044A83009B7637 /* Sources */ = {
			isa = PBXSourcesBuildPhase;
			buildActionMask = 2147483647;
			files = (
				051E6EAC1E044BB6009B7637 /* Utilities.swift in Sources */,
				051E6EAB1E044BB6009B7637 /* SignalObserver.swift in Sources */,
				051E6EA71E044BB6009B7637 /* Signal.swift in Sources */,
				051E6EA81E044BB6009B7637 /* SignalChain.swift in Sources */,
				051E6EAA1E044BB6009B7637 /* SignalHandler.swift in Sources */,
				051E6EA91E044BB6009B7637 /* SignalControl.swift in Sources */,
			);
			runOnlyForDeploymentPostprocessing = 0;
		};
		051E6E8C1E044A83009B7637 /* Sources */ = {
			isa = PBXSourcesBuildPhase;
			buildActionMask = 2147483647;
			files = (
				051E6E961E044A83009B7637 /* PromiseSignalsTests.swift in Sources */,
				051E6EB11E044CD5009B7637 /* Utils.swift in Sources */,
			);
			runOnlyForDeploymentPostprocessing = 0;
		};
		05CE3F251E04596A00E51EFA /* Sources */ = {
			isa = PBXSourcesBuildPhase;
			buildActionMask = 2147483647;
			files = (
				05CE3F2E1E04596A00E51EFA /* ViewController.swift in Sources */,
				05CE3F2C1E04596A00E51EFA /* AppDelegate.swift in Sources */,
			);
			runOnlyForDeploymentPostprocessing = 0;
		};
/* End PBXSourcesBuildPhase section */

/* Begin PBXTargetDependency section */
		050F28941E1BC68C00EE7D4E /* PBXTargetDependency */ = {
			isa = PBXTargetDependency;
			target = 051E6E861E044A83009B7637 /* PromiseSignals */;
			targetProxy = 050F28931E1BC68C00EE7D4E /* PBXContainerItemProxy */;
		};
		051E6E931E044A83009B7637 /* PBXTargetDependency */ = {
			isa = PBXTargetDependency;
			target = 051E6E861E044A83009B7637 /* PromiseSignals */;
			targetProxy = 051E6E921E044A83009B7637 /* PBXContainerItemProxy */;
		};
/* End PBXTargetDependency section */

/* Begin PBXVariantGroup section */
		05CE3F2F1E04596A00E51EFA /* Main.storyboard */ = {
			isa = PBXVariantGroup;
			children = (
				05CE3F301E04596A00E51EFA /* Base */,
			);
			name = Main.storyboard;
			sourceTree = "<group>";
		};
/* End PBXVariantGroup section */

/* Begin XCBuildConfiguration section */
		051E6E991E044A83009B7637 /* Debug */ = {
			isa = XCBuildConfiguration;
			buildSettings = {
				ALWAYS_SEARCH_USER_PATHS = NO;
				CLANG_ANALYZER_NONNULL = YES;
				CLANG_CXX_LANGUAGE_STANDARD = "gnu++0x";
				CLANG_CXX_LIBRARY = "libc++";
				CLANG_ENABLE_MODULES = YES;
				CLANG_ENABLE_OBJC_ARC = YES;
				CLANG_WARN_BLOCK_CAPTURE_AUTORELEASING = YES;
				CLANG_WARN_BOOL_CONVERSION = YES;
				CLANG_WARN_COMMA = YES;
				CLANG_WARN_CONSTANT_CONVERSION = YES;
				CLANG_WARN_DEPRECATED_OBJC_IMPLEMENTATIONS = YES;
				CLANG_WARN_DIRECT_OBJC_ISA_USAGE = YES_ERROR;
				CLANG_WARN_DOCUMENTATION_COMMENTS = YES;
				CLANG_WARN_EMPTY_BODY = YES;
				CLANG_WARN_ENUM_CONVERSION = YES;
				CLANG_WARN_INFINITE_RECURSION = YES;
				CLANG_WARN_INT_CONVERSION = YES;
				CLANG_WARN_NON_LITERAL_NULL_CONVERSION = YES;
				CLANG_WARN_OBJC_IMPLICIT_RETAIN_SELF = YES;
				CLANG_WARN_OBJC_LITERAL_CONVERSION = YES;
				CLANG_WARN_OBJC_ROOT_CLASS = YES_ERROR;
				CLANG_WARN_RANGE_LOOP_ANALYSIS = YES;
				CLANG_WARN_STRICT_PROTOTYPES = YES;
				CLANG_WARN_SUSPICIOUS_MOVE = YES;
				CLANG_WARN_UNREACHABLE_CODE = YES;
				CLANG_WARN__DUPLICATE_METHOD_MATCH = YES;
				"CODE_SIGN_IDENTITY[sdk=iphoneos*]" = "iPhone Developer";
				COPY_PHASE_STRIP = NO;
				CURRENT_PROJECT_VERSION = 1;
				DEBUG_INFORMATION_FORMAT = dwarf;
				ENABLE_STRICT_OBJC_MSGSEND = YES;
				ENABLE_TESTABILITY = YES;
				GCC_C_LANGUAGE_STANDARD = gnu99;
				GCC_DYNAMIC_NO_PIC = NO;
				GCC_NO_COMMON_BLOCKS = YES;
				GCC_OPTIMIZATION_LEVEL = 0;
				GCC_PREPROCESSOR_DEFINITIONS = (
					"DEBUG=1",
					"$(inherited)",
				);
				GCC_WARN_64_TO_32_BIT_CONVERSION = YES;
				GCC_WARN_ABOUT_RETURN_TYPE = YES_ERROR;
				GCC_WARN_UNDECLARED_SELECTOR = YES;
				GCC_WARN_UNINITIALIZED_AUTOS = YES_AGGRESSIVE;
				GCC_WARN_UNUSED_FUNCTION = YES;
				GCC_WARN_UNUSED_VARIABLE = YES;
				IPHONEOS_DEPLOYMENT_TARGET = 10.2;
				MTL_ENABLE_DEBUG_INFO = YES;
				ONLY_ACTIVE_ARCH = YES;
				SDKROOT = iphoneos;
				SWIFT_ACTIVE_COMPILATION_CONDITIONS = DEBUG;
				SWIFT_OPTIMIZATION_LEVEL = "-Onone";
				TARGETED_DEVICE_FAMILY = "1,2";
				VERSIONING_SYSTEM = "apple-generic";
				VERSION_INFO_PREFIX = "";
			};
			name = Debug;
		};
		051E6E9A1E044A83009B7637 /* Release */ = {
			isa = XCBuildConfiguration;
			buildSettings = {
				ALWAYS_SEARCH_USER_PATHS = NO;
				CLANG_ANALYZER_NONNULL = YES;
				CLANG_CXX_LANGUAGE_STANDARD = "gnu++0x";
				CLANG_CXX_LIBRARY = "libc++";
				CLANG_ENABLE_MODULES = YES;
				CLANG_ENABLE_OBJC_ARC = YES;
				CLANG_WARN_BLOCK_CAPTURE_AUTORELEASING = YES;
				CLANG_WARN_BOOL_CONVERSION = YES;
				CLANG_WARN_COMMA = YES;
				CLANG_WARN_CONSTANT_CONVERSION = YES;
				CLANG_WARN_DEPRECATED_OBJC_IMPLEMENTATIONS = YES;
				CLANG_WARN_DIRECT_OBJC_ISA_USAGE = YES_ERROR;
				CLANG_WARN_DOCUMENTATION_COMMENTS = YES;
				CLANG_WARN_EMPTY_BODY = YES;
				CLANG_WARN_ENUM_CONVERSION = YES;
				CLANG_WARN_INFINITE_RECURSION = YES;
				CLANG_WARN_INT_CONVERSION = YES;
				CLANG_WARN_NON_LITERAL_NULL_CONVERSION = YES;
				CLANG_WARN_OBJC_IMPLICIT_RETAIN_SELF = YES;
				CLANG_WARN_OBJC_LITERAL_CONVERSION = YES;
				CLANG_WARN_OBJC_ROOT_CLASS = YES_ERROR;
				CLANG_WARN_RANGE_LOOP_ANALYSIS = YES;
				CLANG_WARN_STRICT_PROTOTYPES = YES;
				CLANG_WARN_SUSPICIOUS_MOVE = YES;
				CLANG_WARN_UNREACHABLE_CODE = YES;
				CLANG_WARN__DUPLICATE_METHOD_MATCH = YES;
				"CODE_SIGN_IDENTITY[sdk=iphoneos*]" = "iPhone Developer";
				COPY_PHASE_STRIP = NO;
				CURRENT_PROJECT_VERSION = 1;
				DEBUG_INFORMATION_FORMAT = "dwarf-with-dsym";
				ENABLE_NS_ASSERTIONS = NO;
				ENABLE_STRICT_OBJC_MSGSEND = YES;
				GCC_C_LANGUAGE_STANDARD = gnu99;
				GCC_NO_COMMON_BLOCKS = YES;
				GCC_WARN_64_TO_32_BIT_CONVERSION = YES;
				GCC_WARN_ABOUT_RETURN_TYPE = YES_ERROR;
				GCC_WARN_UNDECLARED_SELECTOR = YES;
				GCC_WARN_UNINITIALIZED_AUTOS = YES_AGGRESSIVE;
				GCC_WARN_UNUSED_FUNCTION = YES;
				GCC_WARN_UNUSED_VARIABLE = YES;
				IPHONEOS_DEPLOYMENT_TARGET = 10.2;
				MTL_ENABLE_DEBUG_INFO = NO;
				SDKROOT = iphoneos;
				SWIFT_OPTIMIZATION_LEVEL = "-Owholemodule";
				TARGETED_DEVICE_FAMILY = "1,2";
				VALIDATE_PRODUCT = YES;
				VERSIONING_SYSTEM = "apple-generic";
				VERSION_INFO_PREFIX = "";
			};
			name = Release;
		};
		051E6E9C1E044A83009B7637 /* Debug */ = {
			isa = XCBuildConfiguration;
			buildSettings = {
				APPLICATION_EXTENSION_API_ONLY = YES;
				CLANG_ENABLE_MODULES = YES;
				CODE_SIGN_IDENTITY = "";
				DEFINES_MODULE = YES;
				DEVELOPMENT_TEAM = "";
				DYLIB_COMPATIBILITY_VERSION = 1;
				DYLIB_CURRENT_VERSION = 1;
				DYLIB_INSTALL_NAME_BASE = "@rpath";
				FRAMEWORK_SEARCH_PATHS = (
					"$(inherited)",
					"$(PROJECT_DIR)/Carthage/Build/iOS",
				);
				INFOPLIST_FILE = PromiseSignals/Info.plist;
				INSTALL_PATH = "$(LOCAL_LIBRARY_DIR)/Frameworks";
				IPHONEOS_DEPLOYMENT_TARGET = 8.0;
				LD_RUNPATH_SEARCH_PATHS = "$(inherited) @executable_path/Frameworks @loader_path/Frameworks";
				PRODUCT_BUNDLE_IDENTIFIER = ch.konoma.PromiseSignals;
				PRODUCT_NAME = "$(TARGET_NAME)";
				SKIP_INSTALL = YES;
				SWIFT_OPTIMIZATION_LEVEL = "-Onone";
				SWIFT_SWIFT3_OBJC_INFERENCE = Default;
				SWIFT_VERSION = 4.2;
			};
			name = Debug;
		};
		051E6E9D1E044A83009B7637 /* Release */ = {
			isa = XCBuildConfiguration;
			buildSettings = {
				APPLICATION_EXTENSION_API_ONLY = YES;
				CLANG_ENABLE_MODULES = YES;
				CODE_SIGN_IDENTITY = "";
				DEFINES_MODULE = YES;
				DEVELOPMENT_TEAM = "";
				DYLIB_COMPATIBILITY_VERSION = 1;
				DYLIB_CURRENT_VERSION = 1;
				DYLIB_INSTALL_NAME_BASE = "@rpath";
				FRAMEWORK_SEARCH_PATHS = (
					"$(inherited)",
					"$(PROJECT_DIR)/Carthage/Build/iOS",
				);
				INFOPLIST_FILE = PromiseSignals/Info.plist;
				INSTALL_PATH = "$(LOCAL_LIBRARY_DIR)/Frameworks";
				IPHONEOS_DEPLOYMENT_TARGET = 8.0;
				LD_RUNPATH_SEARCH_PATHS = "$(inherited) @executable_path/Frameworks @loader_path/Frameworks";
				PRODUCT_BUNDLE_IDENTIFIER = ch.konoma.PromiseSignals;
				PRODUCT_NAME = "$(TARGET_NAME)";
				SKIP_INSTALL = YES;
				SWIFT_SWIFT3_OBJC_INFERENCE = Default;
				SWIFT_VERSION = 4.2;
			};
			name = Release;
		};
		051E6E9F1E044A83009B7637 /* Debug */ = {
			isa = XCBuildConfiguration;
			buildSettings = {
				ALWAYS_EMBED_SWIFT_STANDARD_LIBRARIES = YES;
				DEVELOPMENT_TEAM = "";
				FRAMEWORK_SEARCH_PATHS = (
					"$(inherited)",
					"$(PROJECT_DIR)/Carthage/Build/iOS",
				);
				INFOPLIST_FILE = PromiseSignalsTests/Info.plist;
				LD_RUNPATH_SEARCH_PATHS = "$(inherited) @executable_path/Frameworks @loader_path/Frameworks";
				PRODUCT_BUNDLE_IDENTIFIER = ch.konoma.PromiseSignalsTests;
				PRODUCT_NAME = "$(TARGET_NAME)";
				SWIFT_SWIFT3_OBJC_INFERENCE = Default;
				SWIFT_VERSION = 4.2;
			};
			name = Debug;
		};
		051E6EA01E044A83009B7637 /* Release */ = {
			isa = XCBuildConfiguration;
			buildSettings = {
				ALWAYS_EMBED_SWIFT_STANDARD_LIBRARIES = YES;
				DEVELOPMENT_TEAM = "";
				FRAMEWORK_SEARCH_PATHS = (
					"$(inherited)",
					"$(PROJECT_DIR)/Carthage/Build/iOS",
				);
				INFOPLIST_FILE = PromiseSignalsTests/Info.plist;
				LD_RUNPATH_SEARCH_PATHS = "$(inherited) @executable_path/Frameworks @loader_path/Frameworks";
				PRODUCT_BUNDLE_IDENTIFIER = ch.konoma.PromiseSignalsTests;
				PRODUCT_NAME = "$(TARGET_NAME)";
				SWIFT_SWIFT3_OBJC_INFERENCE = Default;
				SWIFT_VERSION = 4.2;
			};
			name = Release;
		};
		05CE3F391E04596A00E51EFA /* Debug */ = {
			isa = XCBuildConfiguration;
			buildSettings = {
				ALWAYS_EMBED_SWIFT_STANDARD_LIBRARIES = YES;
				ASSETCATALOG_COMPILER_APPICON_NAME = AppIcon;
				DEVELOPMENT_TEAM = "";
				FRAMEWORK_SEARCH_PATHS = (
					"$(inherited)",
					"$(PROJECT_DIR)/Carthage/Build/iOS",
				);
				INFOPLIST_FILE = PromiseSignalsExample/Info.plist;
				IPHONEOS_DEPLOYMENT_TARGET = 8.0;
				LD_RUNPATH_SEARCH_PATHS = "$(inherited) @executable_path/Frameworks";
				PRODUCT_BUNDLE_IDENTIFIER = ch.konoma.PromiseSignalsExample;
				PRODUCT_NAME = "$(TARGET_NAME)";
				SWIFT_SWIFT3_OBJC_INFERENCE = On;
				SWIFT_VERSION = 4.2;
			};
			name = Debug;
		};
		05CE3F3A1E04596A00E51EFA /* Release */ = {
			isa = XCBuildConfiguration;
			buildSettings = {
				ALWAYS_EMBED_SWIFT_STANDARD_LIBRARIES = YES;
				ASSETCATALOG_COMPILER_APPICON_NAME = AppIcon;
				DEVELOPMENT_TEAM = "";
				FRAMEWORK_SEARCH_PATHS = (
					"$(inherited)",
					"$(PROJECT_DIR)/Carthage/Build/iOS",
				);
				INFOPLIST_FILE = PromiseSignalsExample/Info.plist;
				IPHONEOS_DEPLOYMENT_TARGET = 8.0;
				LD_RUNPATH_SEARCH_PATHS = "$(inherited) @executable_path/Frameworks";
				PRODUCT_BUNDLE_IDENTIFIER = ch.konoma.PromiseSignalsExample;
				PRODUCT_NAME = "$(TARGET_NAME)";
				SWIFT_SWIFT3_OBJC_INFERENCE = On;
				SWIFT_VERSION = 4.2;
			};
			name = Release;
		};
/* End XCBuildConfiguration section */

/* Begin XCConfigurationList section */
		051E6E811E044A83009B7637 /* Build configuration list for PBXProject "PromiseSignals" */ = {
			isa = XCConfigurationList;
			buildConfigurations = (
				051E6E991E044A83009B7637 /* Debug */,
				051E6E9A1E044A83009B7637 /* Release */,
			);
			defaultConfigurationIsVisible = 0;
			defaultConfigurationName = Release;
		};
		051E6E9B1E044A83009B7637 /* Build configuration list for PBXNativeTarget "PromiseSignals" */ = {
			isa = XCConfigurationList;
			buildConfigurations = (
				051E6E9C1E044A83009B7637 /* Debug */,
				051E6E9D1E044A83009B7637 /* Release */,
			);
			defaultConfigurationIsVisible = 0;
			defaultConfigurationName = Release;
		};
		051E6E9E1E044A83009B7637 /* Build configuration list for PBXNativeTarget "PromiseSignalsTests" */ = {
			isa = XCConfigurationList;
			buildConfigurations = (
				051E6E9F1E044A83009B7637 /* Debug */,
				051E6EA01E044A83009B7637 /* Release */,
			);
			defaultConfigurationIsVisible = 0;
			defaultConfigurationName = Release;
		};
		05CE3F381E04596A00E51EFA /* Build configuration list for PBXNativeTarget "PromiseSignalsExample" */ = {
			isa = XCConfigurationList;
			buildConfigurations = (
				05CE3F391E04596A00E51EFA /* Debug */,
				05CE3F3A1E04596A00E51EFA /* Release */,
			);
			defaultConfigurationIsVisible = 0;
			defaultConfigurationName = Release;
		};
/* End XCConfigurationList section */
	};
	rootObject = 051E6E7E1E044A83009B7637 /* Project object */;
}
